
Microsoft Visual Studio Solution File, Format Version 12.00
# Visual Studio Version 17
VisualStudioVersion = 17.6.33815.320
MinimumVisualStudioVersion = 10.0.40219.1
Project("{FAE04EC0-301F-11D3-BF4B-00C04F79EFBC}") = "Assign19.2", "Assign19.2\Assign19.2.csproj", "{1115D957-28DC-48ED-8232-E0EB7AE9715A}"
EndProject
Global
	GlobalSection(SolutionConfigurationPlatforms) = preSolution
		Debug|Any CPU = Debug|Any CPU
		Release|Any CPU = Release|Any CPU
	EndGlobalSection
	GlobalSection(ProjectConfigurationPlatforms) = postSolution
		{1115D957-28DC-48ED-8232-E0EB7AE9715A}.Debug|Any CPU.ActiveCfg = Debug|Any CPU
		{1115D957-28DC-48ED-8232-E0EB7AE9715A}.Debug|Any CPU.Build.0 = Debug|Any CPU
		{1115D957-28DC-48ED-8232-E0EB7AE9715A}.Release|Any CPU.ActiveCfg = Release|Any CPU
		{1115D957-28DC-48ED-8232-E0EB7AE9715A}.Release|Any CPU.Build.0 = Release|Any CPU
	EndGlobalSection
	GlobalSection(SolutionProperties) = preSolution
		HideSolutionNode = FALSE
	EndGlobalSection
	GlobalSection(ExtensibilityGlobals) = postSolution
		SolutionGuid = {4707A801-19BE-490C-B5B1-21E20AC0B493}
	EndGlobalSection
EndGlobal
